
Microsoft Visual Studio Solution File, Format Version 12.00
# Visual Studio Version 17
VisualStudioVersion = 17.9.34902.65
MinimumVisualStudioVersion = 10.0.40219.1
Project("{9A19103F-16F7-4668-BE54-9A1E7A4F7556}") = "AnimatedWallpaper", "WallpaperEngineForm\AnimatedWallpaper.csproj", "{A3004E17-E82B-418F-BB30-7A01701BD73D}"
EndProject
Global
	GlobalSection(SolutionConfigurationPlatforms) = preSolution
		Debug|Any CPU = Debug|Any CPU
		Debug|x64 = Debug|x64
		Release|Any CPU = Release|Any CPU
		Release|x64 = Release|x64
		ReleaseGitHub|Any CPU = ReleaseGitHub|Any CPU
		ReleaseGitHub|x64 = ReleaseGitHub|x64
	EndGlobalSection
	GlobalSection(ProjectConfigurationPlatforms) = postSolution
		{A3004E17-E82B-418F-BB30-7A01701BD73D}.Debug|Any CPU.ActiveCfg = Debug|Any CPU
		{A3004E17-E82B-418F-BB30-7A01701BD73D}.Debug|Any CPU.Build.0 = Debug|Any CPU
		{A3004E17-E82B-418F-BB30-7A01701BD73D}.Debug|x64.ActiveCfg = Debug|x64
		{A3004E17-E82B-418F-BB30-7A01701BD73D}.Debug|x64.Build.0 = Debug|x64
		{A3004E17-E82B-418F-BB30-7A01701BD73D}.Release|Any CPU.ActiveCfg = Release|Any CPU
		{A3004E17-E82B-418F-BB30-7A01701BD73D}.Release|Any CPU.Build.0 = Release|Any CPU
		{A3004E17-E82B-418F-BB30-7A01701BD73D}.Release|x64.ActiveCfg = Release|x64
		{A3004E17-E82B-418F-BB30-7A01701BD73D}.Release|x64.Build.0 = Release|x64
		{A3004E17-E82B-418F-BB30-7A01701BD73D}.ReleaseGitHub|Any CPU.ActiveCfg = ReleaseGitHub|Any CPU
		{A3004E17-E82B-418F-BB30-7A01701BD73D}.ReleaseGitHub|Any CPU.Build.0 = ReleaseGitHub|Any CPU
		{A3004E17-E82B-418F-BB30-7A01701BD73D}.ReleaseGitHub|x64.ActiveCfg = ReleaseGitHub|x64
		{A3004E17-E82B-418F-BB30-7A01701BD73D}.ReleaseGitHub|x64.Build.0 = ReleaseGitHub|x64
	EndGlobalSection
	GlobalSection(SolutionProperties) = preSolution
		HideSolutionNode = FALSE
	EndGlobalSection
	GlobalSection(ExtensibilityGlobals) = postSolution
		SolutionGuid = {8FB9CEF3-CD75-41EE-9725-10D944958C23}
	EndGlobalSection
EndGlobal
